
Microsoft Visual Studio Solution File, Format Version 12.00
# Visual Studio Version 17
VisualStudioVersion = 17.6.33815.320
MinimumVisualStudioVersion = 10.0.40219.1
Project("{FAE04EC0-301F-11D3-BF4B-00C04F79EFBC}") = "cmo-db-parser", "cmo-db-parser\cmo-db-parser.csproj", "{3D900487-1334-4454-BAC0-A0B2A1D9295C}"
EndProject
Global
	GlobalSection(SolutionConfigurationPlatforms) = preSolution
		Debug|Any CPU = Debug|Any CPU
		Release|Any CPU = Release|Any CPU
	EndGlobalSection
	GlobalSection(ProjectConfigurationPlatforms) = postSolution
		{3D900487-1334-4454-BAC0-A0B2A1D9295C}.Debug|Any CPU.ActiveCfg = Debug|Any CPU
		{3D900487-1334-4454-BAC0-A0B2A1D9295C}.Debug|Any CPU.Build.0 = Debug|Any CPU
		{3D900487-1334-4454-BAC0-A0B2A1D9295C}.Release|Any CPU.ActiveCfg = Release|Any CPU
		{3D900487-1334-4454-BAC0-A0B2A1D9295C}.Release|Any CPU.Build.0 = Release|Any CPU
	EndGlobalSection
	GlobalSection(SolutionProperties) = preSolution
		HideSolutionNode = FALSE
	EndGlobalSection
	GlobalSection(ExtensibilityGlobals) = postSolution
		SolutionGuid = {F5D98124-F138-43A1-871B-5FB0673759AE}
	EndGlobalSection
EndGlobal
